
Microsoft Visual Studio Solution File, Format Version 12.00
# Visual Studio Version 17
VisualStudioVersion = 17.9.34723.18
MinimumVisualStudioVersion = 10.0.40219.1
Project("{8BC9CEB8-8B4A-11D0-8D11-00A0C91BC942}") = "HommeWork20", "HommeWork20\HommeWork20.vcxproj", "{4FED5AB2-CB00-431D-8C78-347705E40E86}"
EndProject
Global
	GlobalSection(SolutionConfigurationPlatforms) = preSolution
		Debug|x64 = Debug|x64
		Debug|x86 = Debug|x86
		Release|x64 = Release|x64
		Release|x86 = Release|x86
	EndGlobalSection
	GlobalSection(ProjectConfigurationPlatforms) = postSolution
		{4FED5AB2-CB00-431D-8C78-347705E40E86}.Debug|x64.ActiveCfg = Debug|x64
		{4FED5AB2-CB00-431D-8C78-347705E40E86}.Debug|x64.Build.0 = Debug|x64
		{4FED5AB2-CB00-431D-8C78-347705E40E86}.Debug|x86.ActiveCfg = Debug|Win32
		{4FED5AB2-CB00-431D-8C78-347705E40E86}.Debug|x86.Build.0 = Debug|Win32
		{4FED5AB2-CB00-431D-8C78-347705E40E86}.Release|x64.ActiveCfg = Release|x64
		{4FED5AB2-CB00-431D-8C78-347705E40E86}.Release|x64.Build.0 = Release|x64
		{4FED5AB2-CB00-431D-8C78-347705E40E86}.Release|x86.ActiveCfg = Release|Win32
		{4FED5AB2-CB00-431D-8C78-347705E40E86}.Release|x86.Build.0 = Release|Win32
	EndGlobalSection
	GlobalSection(SolutionProperties) = preSolution
		HideSolutionNode = FALSE
	EndGlobalSection
	GlobalSection(ExtensibilityGlobals) = postSolution
		SolutionGuid = {4F41BEAA-2B25-4C30-AAD7-FA706D126D1D}
	EndGlobalSection
EndGlobal
